
Microsoft Visual Studio Solution File, Format Version 12.00
# Visual Studio 15
VisualStudioVersion = 15.0.28307.489
MinimumVisualStudioVersion = 10.0.40219.1
Project("{FAE04EC0-301F-11D3-BF4B-00C04F79EFBC}") = "DesktopApp1", "DesktopApp1\DesktopApp1.csproj", "{60097A6C-5A86-4FD7-ABD1-ABA3A38BA4C7}"
EndProject
Global
	GlobalSection(SolutionConfigurationPlatforms) = preSolution
		Debug|Any CPU = Debug|Any CPU
		Release|Any CPU = Release|Any CPU
	EndGlobalSection
	GlobalSection(ProjectConfigurationPlatforms) = postSolution
		{60097A6C-5A86-4FD7-ABD1-ABA3A38BA4C7}.Debug|Any CPU.ActiveCfg = Debug|Any CPU
		{60097A6C-5A86-4FD7-ABD1-ABA3A38BA4C7}.Debug|Any CPU.Build.0 = Debug|Any CPU
		{60097A6C-5A86-4FD7-ABD1-ABA3A38BA4C7}.Release|Any CPU.ActiveCfg = Release|Any CPU
		{60097A6C-5A86-4FD7-ABD1-ABA3A38BA4C7}.Release|Any CPU.Build.0 = Release|Any CPU
	EndGlobalSection
	GlobalSection(SolutionProperties) = preSolution
		HideSolutionNode = FALSE
	EndGlobalSection
	GlobalSection(ExtensibilityGlobals) = postSolution
		SolutionGuid = {172A73FD-4E41-415B-8FEC-8BB174855E7F}
	EndGlobalSection
EndGlobal
